{
  "version": 4,
  "terraform_version": "1.11.0",
  "serial": 4,
  "lineage": "3145fe2a-6588-4c10-48dd-4bc3cd583ed1",
  "outputs": {
    "kubernetes_cluster_host": {
      "value": "34.81.166.94",
      "type": "string"
    },
    "kubernetes_cluster_name": {
      "value": "traffic-law-thesis-gke",
      "type": "string"
    },
    "project_id": {
      "value": "traffic-law-thesis",
      "type": "string"
    },
    "region": {
      "value": "asia-east1-a",
      "type": "string"
    }
  },
  "resources": [
    {
      "mode": "managed",
      "type": "google_container_cluster",
      "name": "primary",
      "provider": "provider[\"registry.terraform.io/hashicorp/google\"]",
      "instances": [
        {
          "schema_version": 1,
          "attributes": {
            "addons_config": [
              {
                "cloudrun_config": [],
                "config_connector_config": [],
                "dns_cache_config": [],
                "gce_persistent_disk_csi_driver_config": [
                  {
                    "enabled": true
                  }
                ],
                "gcp_filestore_csi_driver_config": [],
                "gcs_fuse_csi_driver_config": [],
                "gke_backup_agent_config": [],
                "horizontal_pod_autoscaling": [],
                "http_load_balancing": [],
                "network_policy_config": [
                  {
                    "disabled": true
                  }
                ]
              }
            ],
            "allow_net_admin": null,
            "authenticator_groups_config": [],
            "binary_authorization": [
              {
                "enabled": false,
                "evaluation_mode": ""
              }
            ],
            "cluster_autoscaling": [
              {
                "auto_provisioning_defaults": [],
                "enabled": false,
                "resource_limits": []
              }
            ],
            "cluster_ipv4_cidr": "10.0.0.0/14",
            "confidential_nodes": [],
            "cost_management_config": [],
            "database_encryption": [
              {
                "key_name": "",
                "state": "DECRYPTED"
              }
            ],
            "datapath_provider": "",
            "default_max_pods_per_node": null,
            "default_snat_status": [
              {
                "disabled": false
              }
            ],
            "description": "",
            "dns_config": [],
            "enable_autopilot": false,
            "enable_binary_authorization": false,
            "enable_intranode_visibility": false,
            "enable_k8s_beta_apis": [],
            "enable_kubernetes_alpha": false,
            "enable_l4_ilb_subsetting": false,
            "enable_legacy_abac": false,
            "enable_shielded_nodes": true,
            "enable_tpu": false,
            "endpoint": "34.81.166.94",
            "gateway_api_config": [],
            "id": "projects/traffic-law-thesis/locations/asia-east1-a/clusters/traffic-law-thesis-gke",
            "initial_node_count": 1,
            "ip_allocation_policy": [],
            "label_fingerprint": "a9dc16a7",
            "location": "asia-east1-a",
            "logging_config": [
              {
                "enable_components": [
                  "SYSTEM_COMPONENTS",
                  "WORKLOADS"
                ]
              }
            ],
            "logging_service": "logging.googleapis.com/kubernetes",
            "maintenance_policy": [],
            "master_auth": [
              {
                "client_certificate": "",
                "client_certificate_config": [
                  {
                    "issue_client_certificate": false
                  }
                ],
                "client_key": "",
                "cluster_ca_certificate": "LS0tLS1CRUdJTiBDRVJUSUZJQ0FURS0tLS0tCk1JSUVMRENDQXBTZ0F3SUJBZ0lRTS9RcUVuR0ZIQW5XU3Y5RDVrRzc2REFOQmdrcWhraUc5dzBCQVFzRkFEQXYKTVMwd0t3WURWUVFERXlSaU56ZzVZbVZrWmkwNE5UVTRMVFF4WkRBdFlqVTRPUzA0WmpCbFpUVmhOakkwWVRBdwpJQmNOTWpVd016QXpNRFl5TkRJMVdoZ1BNakExTlRBeU1qUXdOekkwTWpWYU1DOHhMVEFyQmdOVkJBTVRKR0kzCk9EbGlaV1JtTFRnMU5UZ3ROREZrTUMxaU5UZzVMVGhtTUdWbE5XRTJNalJoTURDQ0FhSXdEUVlKS29aSWh2Y04KQVFFQkJRQURnZ0dQQURDQ0FZb0NnZ0dCQUl4VERqU2MvN2V1NWVjK2VsaDg3RGtPNDNDOGorbGF4eVF3dUZoUQowNE9nSmphcExrZzl3Y2xFZk53RFNvK0hpNDRtMGpDR2ZoMFFCR1BNYnNKNFAyZ2JEQi9KWGpCTmdXaWJXS0RrCnNYS2x2SzFreVVPeU1QZXlibGZvK1dqbnhvWDRMcU9lUWQ2Tk9sbjBYK3UrdGZmWTNLeGNlZld4Qm5oUUhqTVoKc0ZKM3Q4WHRubDhkVzRWWnlwbmFwMXkxN1ZmSnNUM0JQYVY0VHVGNWZraWdHbGNIZ1E1Zk82VHkvMHNkZXRiTQpxUWlvbVRVZFlGS1IzRFNDNEg3ZFNZWWhXMW96VUxhNlkvSEo5eVk1RnBVMmVRNEErVEFtRDJCU3FxbWF3SmtjClExTnN0RXF6c0dldmVCY0tGMUZxZk9qUE43MTVrUW9sL1J1bW41MnVGWGxCTXhxMGI2eTdEZzRsMFRzQVpoUTkKV1BFaU1rWXRCZGc3TTNhSmhMam0yd3Bua3ZSSjBQbml4NkNuWERQS2dXTlB5TzArcStIQy9wZXZpVlVMMDNYTgpaTk1CbHora0k0Y3hCR3Y4RzlaYkdyb29hWi9FcXB2VVVxWG83Uy9VaTNaSFNSd2RYZ3V3T3E0SXNqdSs3Wk44CktRWE0rV1hqNThGQkhFaE9raXlZYmp2NzdRSURBUUFCbzBJd1FEQU9CZ05WSFE4QkFmOEVCQU1DQWdRd0R3WUQKVlIwVEFRSC9CQVV3QXdFQi96QWRCZ05WSFE0RUZnUVVCTFRGM2pKQWRHVE15VFlZbHlqd243WkVuQWN3RFFZSgpLb1pJaHZjTkFRRUxCUUFEZ2dHQkFJZmJzM1V1ZEVUNUg5Vk5kbmZ5cmNaRENvaVNvR3hLZ3FGYTJxTzNlckZ5ClJObk1kOWxwd0hGKytRcGlhd0ZCMGZmSFdHUnRNV2tFL0dNRmhPbnU5dUg4NTBYNC9TM3FrU20xcFhzcWNNTUEKd3JvQlBHZTV0bnE3MnAxR0JQUGVsSEVHcXhqYTdOK1JyVWFsWkJtSVBvaWNHSDRFaUo5MFZtaUVrV085R09keAplM3pzN0dwZTBvMGpxSHJWVkw0bXU1WEh3NGpWK2g2U0I0NWkxc1ZLTjhJYzlwZlJKNWM2MVlwQWtjMGErT0lCCmlvN1M1a0d5KzFSSlpJL3FNUG5vYWtTaFhRcmV3WWpQcUZGL2tuVGN3YWQ0Rk9NaWQzOU9PQVhHUEJldXU3aksKSWdwbzk4ck1XS1NUN01zbEdVOUpmSDNHbWwzbjdwdE1RL25ubVFjNTZUVXdaK2NVS2hTKzJKeHZKMnhhdzVRagpYS2dQOXBUdkRFTnAzMXpQRm8vU0o2Q0E1SGM3WldLMW94c2pOeGRSSWtWRytuZGZuUmFsQUxVQmR4cGNzS3pYCkJhMkhvWm8wc1RtV3RaM1NIZDl4MmNaWHhWZzYyeWcrblQ3czI3VE1iak15a1FiS1NmZGNSMFdVUitBRmhkVVUKMXNHTzlPWmVDTkRjaTdIcjcwMld1QT09Ci0tLS0tRU5EIENFUlRJRklDQVRFLS0tLS0K"
              }
            ],
            "master_authorized_networks_config": [],
            "master_version": "1.31.5-gke.1169000",
            "mesh_certificates": [],
            "min_master_version": null,
            "monitoring_config": [
              {
                "advanced_datapath_observability_config": [
                  {
                    "enable_metrics": false,
                    "relay_mode": ""
                  }
                ],
                "enable_components": [
                  "SYSTEM_COMPONENTS",
                  "STORAGE",
                  "HPA",
                  "POD",
                  "DAEMONSET",
                  "DEPLOYMENT",
                  "STATEFULSET",
                  "CADVISOR",
                  "KUBELET"
                ],
                "managed_prometheus": [
                  {
                    "enabled": true
                  }
                ]
              }
            ],
            "monitoring_service": "monitoring.googleapis.com/kubernetes",
            "name": "traffic-law-thesis-gke",
            "network": "projects/traffic-law-thesis/global/networks/default",
            "network_policy": [
              {
                "enabled": false,
                "provider": "PROVIDER_UNSPECIFIED"
              }
            ],
            "networking_mode": "ROUTES",
            "node_config": [],
            "node_locations": [],
            "node_pool": [],
            "node_pool_defaults": [
              {
                "node_config_defaults": [
                  {
                    "logging_variant": "DEFAULT"
                  }
                ]
              }
            ],
            "node_version": "1.31.5-gke.1169000",
            "notification_config": [
              {
                "pubsub": [
                  {
                    "enabled": false,
                    "filter": [],
                    "topic": ""
                  }
                ]
              }
            ],
            "operation": null,
            "private_cluster_config": [
              {
                "enable_private_endpoint": false,
                "enable_private_nodes": false,
                "master_global_access_config": [
                  {
                    "enabled": false
                  }
                ],
                "master_ipv4_cidr_block": "",
                "peering_name": "",
                "private_endpoint": "10.140.0.2",
                "private_endpoint_subnetwork": "",
                "public_endpoint": "34.81.166.94"
              }
            ],
            "private_ipv6_google_access": "",
            "project": "traffic-law-thesis",
            "release_channel": [
              {
                "channel": "REGULAR"
              }
            ],
            "remove_default_node_pool": true,
            "resource_labels": null,
            "resource_usage_export_config": [],
            "security_posture_config": [
              {
                "mode": "BASIC",
                "vulnerability_mode": "VULNERABILITY_MODE_UNSPECIFIED"
              }
            ],
            "self_link": "https://container.googleapis.com/v1/projects/traffic-law-thesis/zones/asia-east1-a/clusters/traffic-law-thesis-gke",
            "service_external_ips_config": [
              {
                "enabled": false
              }
            ],
            "services_ipv4_cidr": "10.3.240.0/20",
            "subnetwork": "projects/traffic-law-thesis/regions/asia-east1/subnetworks/default",
            "timeouts": null,
            "tpu_ipv4_cidr_block": "",
            "vertical_pod_autoscaling": [],
            "workload_identity_config": []
          },
          "sensitive_attributes": [
            [
              {
                "type": "get_attr",
                "value": "master_auth"
              },
              {
                "type": "index",
                "value": {
                  "value": 0,
                  "type": "number"
                }
              },
              {
                "type": "get_attr",
                "value": "client_key"
              }
            ]
          ],
          "private": "eyJlMmJmYjczMC1lY2FhLTExZTYtOGY4OC0zNDM2M2JjN2M0YzAiOnsiY3JlYXRlIjoyNDAwMDAwMDAwMDAwLCJkZWxldGUiOjI0MDAwMDAwMDAwMDAsInJlYWQiOjI0MDAwMDAwMDAwMDAsInVwZGF0ZSI6MzYwMDAwMDAwMDAwMH0sInNjaGVtYV92ZXJzaW9uIjoiMSJ9"
        }
      ]
    },
    {
      "mode": "managed",
      "type": "google_container_node_pool",
      "name": "primary_preemptible_nodes",
      "provider": "provider[\"registry.terraform.io/hashicorp/google\"]",
      "instances": [
        {
          "schema_version": 1,
          "attributes": {
            "autoscaling": [],
            "cluster": "traffic-law-thesis-gke",
            "id": "projects/traffic-law-thesis/locations/asia-east1-a/clusters/traffic-law-thesis-gke/nodePools/node-pool",
            "initial_node_count": 1,
            "instance_group_urls": [
              "https://www.googleapis.com/compute/v1/projects/traffic-law-thesis/zones/asia-east1-a/instanceGroupManagers/gke-traffic-law-thesis-gke-node-pool-35bf0396-grp"
            ],
            "location": "asia-east1-a",
            "managed_instance_group_urls": [
              "https://www.googleapis.com/compute/v1/projects/traffic-law-thesis/zones/asia-east1-a/instanceGroups/gke-traffic-law-thesis-gke-node-pool-35bf0396-grp"
            ],
            "management": [
              {
                "auto_repair": true,
                "auto_upgrade": true
              }
            ],
            "max_pods_per_node": null,
            "name": "node-pool",
            "name_prefix": "",
            "network_config": [],
            "node_config": [
              {
                "advanced_machine_features": [],
                "boot_disk_kms_key": "",
                "disk_size_gb": 100,
                "disk_type": "pd-balanced",
                "ephemeral_storage_local_ssd_config": [],
                "gcfs_config": [],
                "guest_accelerator": [],
                "gvnic": [],
                "host_maintenance_policy": [],
                "image_type": "COS_CONTAINERD",
                "kubelet_config": [
                  {
                    "cpu_cfs_quota": false,
                    "cpu_cfs_quota_period": "",
                    "cpu_manager_policy": "",
                    "pod_pids_limit": 0
                  }
                ],
                "labels": {},
                "linux_node_config": [],
                "local_nvme_ssd_block_config": [],
                "local_ssd_count": 0,
                "logging_variant": "DEFAULT",
                "machine_type": "e2-standard-4",
                "metadata": {
                  "disable-legacy-endpoints": "true"
                },
                "min_cpu_platform": "",
                "node_group": "",
                "oauth_scopes": [
                  "https://www.googleapis.com/auth/devstorage.read_only",
                  "https://www.googleapis.com/auth/logging.write",
                  "https://www.googleapis.com/auth/monitoring",
                  "https://www.googleapis.com/auth/service.management.readonly",
                  "https://www.googleapis.com/auth/servicecontrol",
                  "https://www.googleapis.com/auth/trace.append"
                ],
                "preemptible": true,
                "reservation_affinity": [],
                "resource_labels": {
                  "goog-gke-node-pool-provisioning-model": "spot"
                },
                "service_account": "default",
                "shielded_instance_config": [
                  {
                    "enable_integrity_monitoring": true,
                    "enable_secure_boot": false
                  }
                ],
                "sole_tenant_config": [],
                "spot": false,
                "tags": null,
                "taint": [],
                "workload_metadata_config": []
              }
            ],
            "node_count": 1,
            "node_locations": [
              "asia-east1-a"
            ],
            "operation": null,
            "placement_policy": [],
            "project": "traffic-law-thesis",
            "timeouts": null,
            "upgrade_settings": [
              {
                "blue_green_settings": [],
                "max_surge": 1,
                "max_unavailable": 0,
                "strategy": "SURGE"
              }
            ],
            "version": "1.31.5-gke.1169000"
          },
          "sensitive_attributes": [],
          "private": "eyJlMmJmYjczMC1lY2FhLTExZTYtOGY4OC0zNDM2M2JjN2M0YzAiOnsiY3JlYXRlIjoxODAwMDAwMDAwMDAwLCJkZWxldGUiOjE4MDAwMDAwMDAwMDAsInVwZGF0ZSI6MTgwMDAwMDAwMDAwMH0sInNjaGVtYV92ZXJzaW9uIjoiMSJ9",
          "dependencies": [
            "google_container_cluster.primary"
          ]
        }
      ]
    }
  ],
  "check_results": null
}
